// !$*UTF8*$!
{
	archiveVersion = 1;
	classes = {
	};
	objectVersion = 46;
	objects = {

/* Begin PBXBuildFile section */
		808EEB671DB2215900F2462E /* AppDelegate.swift in Sources */ = {isa = PBXBuildFile; fileRef = 80B0E9591DB1CBB70067EA5E /* AppDelegate.swift */; };
		808EEB681DB2215E00F2462E /* FirstViewController.swift in Sources */ = {isa = PBXBuildFile; fileRef = 80B0E96B1DB1CD800067EA5E /* FirstViewController.swift */; };
		80B0E95C1DB1CBB70067EA5E /* ViewController.swift in Sources */ = {isa = PBXBuildFile; fileRef = 80B0E95B1DB1CBB70067EA5E /* ViewController.swift */; };
		80B0E95F1DB1CBB70067EA5E /* Main.storyboard in Resources */ = {isa = PBXBuildFile; fileRef = 80B0E95D1DB1CBB70067EA5E /* Main.storyboard */; };
		80B0E9611DB1CBB70067EA5E /* Assets.xcassets in Resources */ = {isa = PBXBuildFile; fileRef = 80B0E9601DB1CBB70067EA5E /* Assets.xcassets */; };
		80B0E9641DB1CBB70067EA5E /* LaunchScreen.storyboard in Resources */ = {isa = PBXBuildFile; fileRef = 80B0E9621DB1CBB70067EA5E /* LaunchScreen.storyboard */; };
		80B0E9EB1DB20CD80067EA5E /* qidong.mp4 in Resources */ = {isa = PBXBuildFile; fileRef = 80B0E9EA1DB20CD80067EA5E /* qidong.mp4 */; };
		80E8E8AB1DB6072C00A04639 /* 简单动画.gif in Resources */ = {isa = PBXBuildFile; fileRef = 80E8E8AA1DB6072C00A04639 /* 简单动画.gif */; };
/* End PBXBuildFile section */

/* Begin PBXFileReference section */
		80B0E9561DB1CBB70067EA5E /* 欢迎页视频.app */ = {isa = PBXFileReference; explicitFileType = wrapper.application; includeInIndex = 0; path = "欢迎页视频.app"; sourceTree = BUILT_PRODUCTS_DIR; };
		80B0E9591DB1CBB70067EA5E /* AppDelegate.swift */ = {isa = PBXFileReference; lastKnownFileType = sourcecode.swift; path = AppDelegate.swift; sourceTree = "<group>"; };
		80B0E95B1DB1CBB70067EA5E /* ViewController.swift */ = {isa = PBXFileReference; lastKnownFileType = sourcecode.swift; path = ViewController.swift; sourceTree = "<group>"; };
		80B0E95E1DB1CBB70067EA5E /* Base */ = {isa = PBXFileReference; lastKnownFileType = file.storyboard; name = Base; path = Base.lproj/Main.storyboard; sourceTree = "<group>"; };
		80B0E9601DB1CBB70067EA5E /* Assets.xcassets */ = {isa = PBXFileReference; lastKnownFileType = folder.assetcatalog; path = Assets.xcassets; sourceTree = "<group>"; };
		80B0E9631DB1CBB70067EA5E /* Base */ = {isa = PBXFileReference; lastKnownFileType = file.storyboard; name = Base; path = Base.lproj/LaunchScreen.storyboard; sourceTree = "<group>"; };
		80B0E9651DB1CBB70067EA5E /* Info.plist */ = {isa = PBXFileReference; lastKnownFileType = text.plist.xml; path = Info.plist; sourceTree = "<group>"; };
		80B0E96B1DB1CD800067EA5E /* FirstViewController.swift */ = {isa = PBXFileReference; fileEncoding = 4; lastKnownFileType = sourcecode.swift; path = FirstViewController.swift; sourceTree = "<group>"; };
		80B0E9EA1DB20CD80067EA5E /* qidong.mp4 */ = {isa = PBXFileReference; lastKnownFileType = file; path = qidong.mp4; sourceTree = "<group>"; };
		80E8E8AA1DB6072C00A04639 /* 简单动画.gif */ = {isa = PBXFileReference; lastKnownFileType = image.gif; path = "简单动画.gif"; sourceTree = "<group>"; };
/* End PBXFileReference section */

/* Begin PBXFrameworksBuildPhase section */
		80B0E9531DB1CBB70067EA5E /* Frameworks */ = {
			isa = PBXFrameworksBuildPhase;
			buildActionMask = 2147483647;
			files = (
			);
			runOnlyForDeploymentPostprocessing = 0;
		};
/* End PBXFrameworksBuildPhase section */

/* Begin PBXGroup section */
		80B0E94D1DB1CBB70067EA5E = {
			isa = PBXGroup;
			children = (
				80B0E9581DB1CBB70067EA5E /* 欢迎页视频 */,
				80B0E9571DB1CBB70067EA5E /* Products */,
			);
			sourceTree = "<group>";
		};
		80B0E9571DB1CBB70067EA5E /* Products */ = {
			isa = PBXGroup;
			children = (
				80B0E9561DB1CBB70067EA5E /* 欢迎页视频.app */,
			);
			name = Products;
			sourceTree = "<group>";
		};
		80B0E9581DB1CBB70067EA5E /* 欢迎页视频 */ = {
			isa = PBXGroup;
			children = (
				80B0E9591DB1CBB70067EA5E /* AppDelegate.swift */,
				80B0E95B1DB1CBB70067EA5E /* ViewController.swift */,
				80B0E96B1DB1CD800067EA5E /* FirstViewController.swift */,
				80E8E8AA1DB6072C00A04639 /* 简单动画.gif */,
				80B0E9EA1DB20CD80067EA5E /* qidong.mp4 */,
				80B0E95D1DB1CBB70067EA5E /* Main.storyboard */,
				80B0E9601DB1CBB70067EA5E /* Assets.xcassets */,
				80B0E9621DB1CBB70067EA5E /* LaunchScreen.storyboard */,
				80B0E9651DB1CBB70067EA5E /* Info.plist */,
			);
			path = "欢迎页视频";
			sourceTree = "<group>";
		};
/* End PBXGroup section */

/* Begin PBXNativeTarget section */
		80B0E9551DB1CBB70067EA5E /* 欢迎页视频 */ = {
			isa = PBXNativeTarget;
			buildConfigurationList = 80B0E9681DB1CBB70067EA5E /* Build configuration list for PBXNativeTarget "欢迎页视频" */;
			buildPhases = (
				80B0E9521DB1CBB70067EA5E /* Sources */,
				80B0E9531DB1CBB70067EA5E /* Frameworks */,
				80B0E9541DB1CBB70067EA5E /* Resources */,
			);
			buildRules = (
			);
			dependencies = (
			);
			name = "欢迎页视频";
			productName = "欢迎页视频";
			productReference = 80B0E9561DB1CBB70067EA5E /* 欢迎页视频.app */;
			productType = "com.apple.product-type.application";
		};
/* End PBXNativeTarget section */

/* Begin PBXProject section */
		80B0E94E1DB1CBB70067EA5E /* Project object */ = {
			isa = PBXProject;
			attributes = {
				LastSwiftUpdateCheck = 0800;
				LastUpgradeCheck = 0800;
				ORGANIZATIONNAME = huangbaoche;
				TargetAttributes = {
					80B0E9551DB1CBB70067EA5E = {
						CreatedOnToolsVersion = 8.0;
						DevelopmentTeam = XGRFCXS336;
						ProvisioningStyle = Automatic;
					};
				};
			};
			buildConfigurationList = 80B0E9511DB1CBB70067EA5E /* Build configuration list for PBXProject "欢迎页视频" */;
			compatibilityVersion = "Xcode 3.2";
			developmentRegion = English;
			hasScannedForEncodings = 0;
			knownRegions = (
				en,
				Base,
			);
			mainGroup = 80B0E94D1DB1CBB70067EA5E;
			productRefGroup = 80B0E9571DB1CBB70067EA5E /* Products */;
			projectDirPath = "";
			projectRoot = "";
			targets = (
				80B0E9551DB1CBB70067EA5E /* 欢迎页视频 */,
			);
		};
/* End PBXProject section */

/* Begin PBXResourcesBuildPhase section */
		80B0E9541DB1CBB70067EA5E /* Resources */ = {
			isa = PBXResourcesBuildPhase;
			buildActionMask = 2147483647;
			files = (
				80B0E9641DB1CBB70067EA5E /* LaunchScreen.storyboard in Resources */,
				80B0E9611DB1CBB70067EA5E /* Assets.xcassets in Resources */,
				80B0E95F1DB1CBB70067EA5E /* Main.storyboard in Resources */,
				80B0E9EB1DB20CD80067EA5E /* qidong.mp4 in Resources */,
				80E8E8AB1DB6072C00A04639 /* 简单动画.gif in Resources */,
			);
			runOnlyForDeploymentPostprocessing = 0;
		};
/* End PBXResourcesBuildPhase section */

/* Begin PBXSourcesBuildPhase section */
		80B0E9521DB1CBB70067EA5E /* Sources */ = {
			isa = PBXSourcesBuildPhase;
			buildActionMask = 2147483647;
			files = (
				808EEB681DB2215E00F2462E /* FirstViewController.swift in Sources */,
				808EEB671DB2215900F2462E /* AppDelegate.swift in Sources */,
				80B0E95C1DB1CBB70067EA5E /* ViewController.swift in Sources */,
			);
			runOnlyForDeploymentPostprocessing = 0;
		};
/* End PBXSourcesBuildPhase section */

/* Begin PBXVariantGroup section */
		80B0E95D1DB1CBB70067EA5E /* Main.storyboard */ = {
			isa = PBXVariantGroup;
			children = (
				80B0E95E1DB1CBB70067EA5E /* Base */,
			);
			name = Main.storyboard;
			sourceTree = "<group>";
		};
		80B0E9621DB1CBB70067EA5E /* LaunchScreen.storyboard */ = {
			isa = PBXVariantGroup;
			children = (
				80B0E9631DB1CBB70067EA5E /* Base */,
			);
			name = LaunchScreen.storyboard;
			sourceTree = "<group>";
		};
/* End PBXVariantGroup section */

/* Begin XCBuildConfiguration section */
		80B0E9661DB1CBB70067EA5E /* Debug */ = {
			isa = XCBuildConfiguration;
			buildSettings = {
				ALWAYS_SEARCH_USER_PATHS = NO;
				CLANG_ANALYZER_NONNULL = YES;
				CLANG_CXX_LANGUAGE_STANDARD = "gnu++0x";
				CLANG_CXX_LIBRARY = "libc++";
				CLANG_ENABLE_MODULES = YES;
				CLANG_ENABLE_OBJC_ARC = YES;
				CLANG_WARN_BOOL_CONVERSION = YES;
				CLANG_WARN_CONSTANT_CONVERSION = YES;
				CLANG_WARN_DIRECT_OBJC_ISA_USAGE = YES_ERROR;
				CLANG_WARN_DOCUMENTATION_COMMENTS = YES;
				CLANG_WARN_EMPTY_BODY = YES;
				CLANG_WARN_ENUM_CONVERSION = YES;
				CLANG_WARN_INFINITE_RECURSION = YES;
				CLANG_WARN_INT_CONVERSION = YES;
				CLANG_WARN_OBJC_ROOT_CLASS = YES_ERROR;
				CLANG_WARN_SUSPICIOUS_MOVES = YES;
				CLANG_WARN_UNREACHABLE_CODE = YES;
				CLANG_WARN__DUPLICATE_METHOD_MATCH = YES;
				"CODE_SIGN_IDENTITY[sdk=iphoneos*]" = "iPhone Developer";
				COPY_PHASE_STRIP = NO;
				DEBUG_INFORMATION_FORMAT = dwarf;
				ENABLE_STRICT_OBJC_MSGSEND = YES;
				ENABLE_TESTABILITY = YES;
				GCC_C_LANGUAGE_STANDARD = gnu99;
				GCC_DYNAMIC_NO_PIC = NO;
				GCC_NO_COMMON_BLOCKS = YES;
				GCC_OPTIMIZATION_LEVEL = 0;
				GCC_PREPROCESSOR_DEFINITIONS = (
					"DEBUG=1",
					"$(inherited)",
				);
				GCC_WARN_64_TO_32_BIT_CONVERSION = YES;
				GCC_WARN_ABOUT_RETURN_TYPE = YES_ERROR;
				GCC_WARN_UNDECLARED_SELECTOR = YES;
				GCC_WARN_UNINITIALIZED_AUTOS = YES_AGGRESSIVE;
				GCC_WARN_UNUSED_FUNCTION = YES;
				GCC_WARN_UNUSED_VARIABLE = YES;
				IPHONEOS_DEPLOYMENT_TARGET = 10.0;
				MTL_ENABLE_DEBUG_INFO = YES;
				ONLY_ACTIVE_ARCH = YES;
				SDKROOT = iphoneos;
				SWIFT_ACTIVE_COMPILATION_CONDITIONS = DEBUG;
				SWIFT_OPTIMIZATION_LEVEL = "-Onone";
				TARGETED_DEVICE_FAMILY = "1,2";
			};
			name = Debug;
		};
		80B0E9671DB1CBB70067EA5E /* Release */ = {
			isa = XCBuildConfiguration;
			buildSettings = {
				ALWAYS_SEARCH_USER_PATHS = NO;
				CLANG_ANALYZER_NONNULL = YES;
				CLANG_CXX_LANGUAGE_STANDARD = "gnu++0x";
				CLANG_CXX_LIBRARY = "libc++";
				CLANG_ENABLE_MODULES = YES;
				CLANG_ENABLE_OBJC_ARC = YES;
				CLANG_WARN_BOOL_CONVERSION = YES;
				CLANG_WARN_CONSTANT_CONVERSION = YES;
				CLANG_WARN_DIRECT_OBJC_ISA_USAGE = YES_ERROR;
				CLANG_WARN_DOCUMENTATION_COMMENTS = YES;
				CLANG_WARN_EMPTY_BODY = YES;
				CLANG_WARN_ENUM_CONVERSION = YES;
				CLANG_WARN_INFINITE_RECURSION = YES;
				CLANG_WARN_INT_CONVERSION = YES;
				CLANG_WARN_OBJC_ROOT_CLASS = YES_ERROR;
				CLANG_WARN_SUSPICIOUS_MOVES = YES;
				CLANG_WARN_UNREACHABLE_CODE = YES;
				CLANG_WARN__DUPLICATE_METHOD_MATCH = YES;
				"CODE_SIGN_IDENTITY[sdk=iphoneos*]" = "iPhone Developer";
				COPY_PHASE_STRIP = NO;
				DEBUG_INFORMATION_FORMAT = "dwarf-with-dsym";
				ENABLE_NS_ASSERTIONS = NO;
				ENABLE_STRICT_OBJC_MSGSEND = YES;
				GCC_C_LANGUAGE_STANDARD = gnu99;
				GCC_NO_COMMON_BLOCKS = YES;
				GCC_WARN_64_TO_32_BIT_CONVERSION = YES;
				GCC_WARN_ABOUT_RETURN_TYPE = YES_ERROR;
				GCC_WARN_UNDECLARED_SELECTOR = YES;
				GCC_WARN_UNINITIALIZED_AUTOS = YES_AGGRESSIVE;
				GCC_WARN_UNUSED_FUNCTION = YES;
				GCC_WARN_UNUSED_VARIABLE = YES;
				IPHONEOS_DEPLOYMENT_TARGET = 10.0;
				MTL_ENABLE_DEBUG_INFO = NO;
				SDKROOT = iphoneos;
				SWIFT_OPTIMIZATION_LEVEL = "-Owholemodule";
				TARGETED_DEVICE_FAMILY = "1,2";
				VALIDATE_PRODUCT = YES;
			};
			name = Release;
		};
		80B0E9691DB1CBB70067EA5E /* Debug */ = {
			isa = XCBuildConfiguration;
			buildSettings = {
				ASSETCATALOG_COMPILER_APPICON_NAME = AppIcon;
				DEVELOPMENT_TEAM = XGRFCXS336;
				INFOPLIST_FILE = "欢迎页视频/Info.plist";
				LD_RUNPATH_SEARCH_PATHS = "$(inherited) @executable_path/Frameworks";
				PRODUCT_BUNDLE_IDENTIFIER = "HBC.-----";
				PRODUCT_NAME = "$(TARGET_NAME)";
				SWIFT_VERSION = 3.0;
			};
			name = Debug;
		};
		80B0E96A1DB1CBB70067EA5E /* Release */ = {
			isa = XCBuildConfiguration;
			buildSettings = {
				ASSETCATALOG_COMPILER_APPICON_NAME = AppIcon;
				DEVELOPMENT_TEAM = XGRFCXS336;
				INFOPLIST_FILE = "欢迎页视频/Info.plist";
				LD_RUNPATH_SEARCH_PATHS = "$(inherited) @executable_path/Frameworks";
				PRODUCT_BUNDLE_IDENTIFIER = "HBC.-----";
				PRODUCT_NAME = "$(TARGET_NAME)";
				SWIFT_VERSION = 3.0;
			};
			name = Release;
		};
/* End XCBuildConfiguration section */

/* Begin XCConfigurationList section */
		80B0E9511DB1CBB70067EA5E /* Build configuration list for PBXProject "欢迎页视频" */ = {
			isa = XCConfigurationList;
			buildConfigurations = (
				80B0E9661DB1CBB70067EA5E /* Debug */,
				80B0E9671DB1CBB70067EA5E /* Release */,
			);
			defaultConfigurationIsVisible = 0;
			defaultConfigurationName = Release;
		};
		80B0E9681DB1CBB70067EA5E /* Build configuration list for PBXNativeTarget "欢迎页视频" */ = {
			isa = XCConfigurationList;
			buildConfigurations = (
				80B0E9691DB1CBB70067EA5E /* Debug */,
				80B0E96A1DB1CBB70067EA5E /* Release */,
			);
			defaultConfigurationIsVisible = 0;
			defaultConfigurationName = Release;
		};
/* End XCConfigurationList section */
	};
	rootObject = 80B0E94E1DB1CBB70067EA5E /* Project object */;
}
